
Microsoft Visual Studio Solution File, Format Version 12.00
# Visual Studio Version 17
VisualStudioVersion = 17.9.34728.123
MinimumVisualStudioVersion = 10.0.40219.1
Project("{FAE04EC0-301F-11D3-BF4B-00C04F79EFBC}") = "DrawBoard", "DrawBoard\DrawBoard.csproj", "{DC6EBEFE-DDE5-4576-BA14-380C38B14491}"
EndProject
Project("{2150E333-8FDC-42A3-9474-1A3956D46DE8}") = "Solution Items", "Solution Items", "{5C8E4F9A-8F16-4C20-BAB7-4FE39A0192B3}"
	ProjectSection(SolutionItems) = preProject
		.gitattributes = .gitattributes
		.gitignore = .gitignore
		LICENSE.txt = LICENSE.txt
		README.md = README.md
	EndProjectSection
EndProject
Global
	GlobalSection(SolutionConfigurationPlatforms) = preSolution
		Debug|Any CPU = Debug|Any CPU
		Release|Any CPU = Release|Any CPU
	EndGlobalSection
	GlobalSection(ProjectConfigurationPlatforms) = postSolution
		{DC6EBEFE-DDE5-4576-BA14-380C38B14491}.Debug|Any CPU.ActiveCfg = Debug|Any CPU
		{DC6EBEFE-DDE5-4576-BA14-380C38B14491}.Debug|Any CPU.Build.0 = Debug|Any CPU
		{DC6EBEFE-DDE5-4576-BA14-380C38B14491}.Release|Any CPU.ActiveCfg = Release|Any CPU
		{DC6EBEFE-DDE5-4576-BA14-380C38B14491}.Release|Any CPU.Build.0 = Release|Any CPU
	EndGlobalSection
	GlobalSection(SolutionProperties) = preSolution
		HideSolutionNode = FALSE
	EndGlobalSection
	GlobalSection(ExtensibilityGlobals) = postSolution
		SolutionGuid = {539D88FA-71D7-46EC-85DE-9C564BCD65BE}
	EndGlobalSection
EndGlobal
